<?xml version="1.0" encoding="utf-8"?>
<Project ToolsVersion="4.0" xmlns="http://schemas.microsoft.com/developer/msbuild/2003">
  <ItemGroup>
    <Filter Include="Source Files">
      <UniqueIdentifier>{4FC737F1-C7A5-4376-A066-2A32D752A2FF}</UniqueIdentifier>
      <Extensions>cpp;c;cc;cxx;def;odl;idl;hpj;bat;asm;asmx</Extensions>
    </Filter>
    <Filter Include="Header Files">
      <UniqueIdentifier>{93995380-89BD-4b04-88EB-625FBE52EBFB}</UniqueIdentifier>
      <Extensions>h;hh;hpp;hxx;hm;inl;inc;xsd</Extensions>
    </Filter>
    <Filter Include="Resource Files">
      <UniqueIdentifier>{67DA6AB6-F800-4c08-8B7A-83BB121AAD01}</UniqueIdentifier>
      <Extensions>rc;ico;cur;bmp;dlg;rc2;rct;bin;rgs;gif;jpg;jpeg;jpe;resx;tiff;tif;png;wav;mfcribbon-ms</Extensions>
    </Filter>
  </ItemGroup>
  <ItemGroup>
    <ClCompile Include="Prophet.cpp">
      <Filter>Source Files</Filter>
    </ClCompile>
    <ClCompile Include="Data\DatabaseSession.cpp">
      <Filter>Source Files</Filter>
    </ClCompile>
    <ClCompile Include="FileReaders\CSVReader.cpp">
      <Filter>Source Files</Filter>
    </ClCompile>
    <ClCompile Include="ML\fmincg.cpp">
      <Filter>Source Files</Filter>
    </ClCompile>
    <ClCompile Include="ML\NeuralNetwork.cpp">
      <Filter>Source Files</Filter>
    </ClCompile>
    <ClCompile Include="FileReaders\FlensCsv.cpp">
      <Filter>Source Files</Filter>
    </ClCompile>
    <ClCompile Include="Data\UploadChunks.hpp">
      <Filter>Source Files</Filter>
    </ClCompile>
  </ItemGroup>
  <ItemGroup>
    <ClInclude Include="Data\Model.hpp">
      <Filter>Header Files</Filter>
    </ClInclude>
    <ClInclude Include="Data\DatabaseSession.hpp">
      <Filter>Header Files</Filter>
    </ClInclude>
    <ClInclude Include="Tasks\TaskProcessUpload.hpp">
      <Filter>Header Files</Filter>
    </ClInclude>
    <ClInclude Include="Data\Upload.hpp">
      <Filter>Header Files</Filter>
    </ClInclude>
    <ClInclude Include="FileReaders\CSVReader.hpp">
      <Filter>Header Files</Filter>
    </ClInclude>
    <ClInclude Include="Data\ModelDatasets.hpp">
      <Filter>Header Files</Filter>
    </ClInclude>
    <ClInclude Include="Tasks\TaskTrainModel.hpp">
      <Filter>Header Files</Filter>
    </ClInclude>
    <ClInclude Include="Data\ModelParams.hpp">
      <Filter>Header Files</Filter>
    </ClInclude>
    <ClInclude Include="Tasks\TaskPerformPredictions.hpp">
      <Filter>Header Files</Filter>
    </ClInclude>
    <ClInclude Include="TaskRunner\TaskRunner.hpp">
      <Filter>Header Files</Filter>
    </ClInclude>
    <ClInclude Include="TaskRunner\Task.hpp">
      <Filter>Header Files</Filter>
    </ClInclude>
    <ClInclude Include="ML\FlensDefs.hpp">
      <Filter>Header Files</Filter>
    </ClInclude>
    <ClInclude Include="ML\fmincg.h">
      <Filter>Header Files</Filter>
    </ClInclude>
    <ClInclude Include="ML\NeuralNetwork.hpp">
      <Filter>Header Files</Filter>
    </ClInclude>
    <ClInclude Include="ML\Converters.h">
      <Filter>Header Files</Filter>
    </ClInclude>
    <ClInclude Include="Data\ModelPredictions.hpp">
      <Filter>Header Files</Filter>
    </ClInclude>
    <ClInclude Include="ML\Functions.hpp">
      <Filter>Header Files</Filter>
    </ClInclude>
    <ClInclude Include="Tasks\TaskBasicDataProcess.hpp">
      <Filter>Header Files</Filter>
    </ClInclude>
    <ClInclude Include="Data\BasicModelView.hpp">
      <Filter>Header Files</Filter>
    </ClInclude>
    <ClInclude Include="FileReaders\FlensCsv.hpp">
      <Filter>Header Files</Filter>
    </ClInclude>
  </ItemGroup>
  <ItemGroup>
    <None Include="Libs\FLENS\doctool\flens.html" />
  </ItemGroup>
</Project>